
Microsoft Visual Studio Solution File, Format Version 12.00
# Visual Studio Version 17
VisualStudioVersion = 17.1.32319.34
MinimumVisualStudioVersion = 10.0.40219.1
Project("{FAE04EC0-301F-11D3-BF4B-00C04F79EFBC}") = "MojeMiasto.Android", "MojeMiasto\MojeMiasto.Android\MojeMiasto.Android.csproj", "{08647506-3DDC-4144-8358-72028EDA06D6}"
EndProject
Project("{9A19103F-16F7-4668-BE54-9A1E7A4F7556}") = "MojeMiasto", "MojeMiasto\MojeMiasto\MojeMiasto.csproj", "{B45D530D-D9E7-46AF-B77D-AD06FD9E998F}"
EndProject
Global
	GlobalSection(SolutionConfigurationPlatforms) = preSolution
		Debug|Any CPU = Debug|Any CPU
		Debug|iPhone = Debug|iPhone
		Debug|iPhoneSimulator = Debug|iPhoneSimulator
		Release|Any CPU = Release|Any CPU
		Release|iPhone = Release|iPhone
		Release|iPhoneSimulator = Release|iPhoneSimulator
	EndGlobalSection
	GlobalSection(ProjectConfigurationPlatforms) = postSolution
		{08647506-3DDC-4144-8358-72028EDA06D6}.Debug|Any CPU.ActiveCfg = Debug|Any CPU
		{08647506-3DDC-4144-8358-72028EDA06D6}.Debug|Any CPU.Build.0 = Debug|Any CPU
		{08647506-3DDC-4144-8358-72028EDA06D6}.Debug|Any CPU.Deploy.0 = Debug|Any CPU
		{08647506-3DDC-4144-8358-72028EDA06D6}.Debug|iPhone.ActiveCfg = Debug|Any CPU
		{08647506-3DDC-4144-8358-72028EDA06D6}.Debug|iPhone.Build.0 = Debug|Any CPU
		{08647506-3DDC-4144-8358-72028EDA06D6}.Debug|iPhone.Deploy.0 = Debug|Any CPU
		{08647506-3DDC-4144-8358-72028EDA06D6}.Debug|iPhoneSimulator.ActiveCfg = Debug|Any CPU
		{08647506-3DDC-4144-8358-72028EDA06D6}.Debug|iPhoneSimulator.Build.0 = Debug|Any CPU
		{08647506-3DDC-4144-8358-72028EDA06D6}.Debug|iPhoneSimulator.Deploy.0 = Debug|Any CPU
		{08647506-3DDC-4144-8358-72028EDA06D6}.Release|Any CPU.ActiveCfg = Release|Any CPU
		{08647506-3DDC-4144-8358-72028EDA06D6}.Release|Any CPU.Build.0 = Release|Any CPU
		{08647506-3DDC-4144-8358-72028EDA06D6}.Release|Any CPU.Deploy.0 = Release|Any CPU
		{08647506-3DDC-4144-8358-72028EDA06D6}.Release|iPhone.ActiveCfg = Release|Any CPU
		{08647506-3DDC-4144-8358-72028EDA06D6}.Release|iPhone.Build.0 = Release|Any CPU
		{08647506-3DDC-4144-8358-72028EDA06D6}.Release|iPhone.Deploy.0 = Release|Any CPU
		{08647506-3DDC-4144-8358-72028EDA06D6}.Release|iPhoneSimulator.ActiveCfg = Release|Any CPU
		{08647506-3DDC-4144-8358-72028EDA06D6}.Release|iPhoneSimulator.Build.0 = Release|Any CPU
		{08647506-3DDC-4144-8358-72028EDA06D6}.Release|iPhoneSimulator.Deploy.0 = Release|Any CPU
		{B45D530D-D9E7-46AF-B77D-AD06FD9E998F}.Debug|Any CPU.ActiveCfg = Debug|Any CPU
		{B45D530D-D9E7-46AF-B77D-AD06FD9E998F}.Debug|Any CPU.Build.0 = Debug|Any CPU
		{B45D530D-D9E7-46AF-B77D-AD06FD9E998F}.Debug|Any CPU.Deploy.0 = Debug|Any CPU
		{B45D530D-D9E7-46AF-B77D-AD06FD9E998F}.Debug|iPhone.ActiveCfg = Debug|Any CPU
		{B45D530D-D9E7-46AF-B77D-AD06FD9E998F}.Debug|iPhone.Build.0 = Debug|Any CPU
		{B45D530D-D9E7-46AF-B77D-AD06FD9E998F}.Debug|iPhone.Deploy.0 = Debug|Any CPU
		{B45D530D-D9E7-46AF-B77D-AD06FD9E998F}.Debug|iPhoneSimulator.ActiveCfg = Debug|Any CPU
		{B45D530D-D9E7-46AF-B77D-AD06FD9E998F}.Debug|iPhoneSimulator.Build.0 = Debug|Any CPU
		{B45D530D-D9E7-46AF-B77D-AD06FD9E998F}.Debug|iPhoneSimulator.Deploy.0 = Debug|Any CPU
		{B45D530D-D9E7-46AF-B77D-AD06FD9E998F}.Release|Any CPU.ActiveCfg = Release|Any CPU
		{B45D530D-D9E7-46AF-B77D-AD06FD9E998F}.Release|Any CPU.Build.0 = Release|Any CPU
		{B45D530D-D9E7-46AF-B77D-AD06FD9E998F}.Release|Any CPU.Deploy.0 = Release|Any CPU
		{B45D530D-D9E7-46AF-B77D-AD06FD9E998F}.Release|iPhone.ActiveCfg = Release|Any CPU
		{B45D530D-D9E7-46AF-B77D-AD06FD9E998F}.Release|iPhone.Build.0 = Release|Any CPU
		{B45D530D-D9E7-46AF-B77D-AD06FD9E998F}.Release|iPhone.Deploy.0 = Release|Any CPU
		{B45D530D-D9E7-46AF-B77D-AD06FD9E998F}.Release|iPhoneSimulator.ActiveCfg = Release|Any CPU
		{B45D530D-D9E7-46AF-B77D-AD06FD9E998F}.Release|iPhoneSimulator.Build.0 = Release|Any CPU
		{B45D530D-D9E7-46AF-B77D-AD06FD9E998F}.Release|iPhoneSimulator.Deploy.0 = Release|Any CPU
	EndGlobalSection
	GlobalSection(SolutionProperties) = preSolution
		HideSolutionNode = FALSE
	EndGlobalSection
	GlobalSection(ExtensibilityGlobals) = postSolution
		SolutionGuid = {7B2D5462-BDBE-4DDE-8B48-DE07C78FA67C}
	EndGlobalSection
EndGlobal
